
Microsoft Visual Studio Solution File, Format Version 12.00
# Visual Studio Version 16
VisualStudioVersion = 16.0.30204.135
MinimumVisualStudioVersion = 10.0.40219.1
Project("{9A19103F-16F7-4668-BE54-9A1E7A4F7556}") = "AppClient", "AppClient\AppClient.csproj", "{B46D2409-99E4-46EC-BDE8-61BE4B662DB4}"
EndProject
Project("{9A19103F-16F7-4668-BE54-9A1E7A4F7556}") = "AppModels", "AppModels\AppModels.csproj", "{DD082D0E-46D3-4420-9387-7111AC0341E9}"
EndProject
Project("{FAE04EC0-301F-11D3-BF4B-00C04F79EFBC}") = "AppServer", "AppServer\AppServer.csproj", "{EBCDF8F3-C153-4817-A4F2-3E87EFE8E818}"
EndProject
Global
	GlobalSection(SolutionConfigurationPlatforms) = preSolution
		Debug|Any CPU = Debug|Any CPU
		Release|Any CPU = Release|Any CPU
	EndGlobalSection
	GlobalSection(ProjectConfigurationPlatforms) = postSolution
		{B46D2409-99E4-46EC-BDE8-61BE4B662DB4}.Debug|Any CPU.ActiveCfg = Debug|Any CPU
		{B46D2409-99E4-46EC-BDE8-61BE4B662DB4}.Debug|Any CPU.Build.0 = Debug|Any CPU
		{B46D2409-99E4-46EC-BDE8-61BE4B662DB4}.Release|Any CPU.ActiveCfg = Release|Any CPU
		{B46D2409-99E4-46EC-BDE8-61BE4B662DB4}.Release|Any CPU.Build.0 = Release|Any CPU
		{DD082D0E-46D3-4420-9387-7111AC0341E9}.Debug|Any CPU.ActiveCfg = Debug|Any CPU
		{DD082D0E-46D3-4420-9387-7111AC0341E9}.Debug|Any CPU.Build.0 = Debug|Any CPU
		{DD082D0E-46D3-4420-9387-7111AC0341E9}.Release|Any CPU.ActiveCfg = Release|Any CPU
		{DD082D0E-46D3-4420-9387-7111AC0341E9}.Release|Any CPU.Build.0 = Release|Any CPU
		{EBCDF8F3-C153-4817-A4F2-3E87EFE8E818}.Debug|Any CPU.ActiveCfg = Debug|Any CPU
		{EBCDF8F3-C153-4817-A4F2-3E87EFE8E818}.Debug|Any CPU.Build.0 = Debug|Any CPU
		{EBCDF8F3-C153-4817-A4F2-3E87EFE8E818}.Release|Any CPU.ActiveCfg = Release|Any CPU
		{EBCDF8F3-C153-4817-A4F2-3E87EFE8E818}.Release|Any CPU.Build.0 = Release|Any CPU
	EndGlobalSection
	GlobalSection(SolutionProperties) = preSolution
		HideSolutionNode = FALSE
	EndGlobalSection
	GlobalSection(ExtensibilityGlobals) = postSolution
		SolutionGuid = {F513D70D-DC4E-404F-9B9F-5213AC3DDE10}
	EndGlobalSection
EndGlobal
